{
  "name": "@cminton/lite-cli",
  "version": "0.0.1",
  "lockfileVersion": 1,
  "requires": true,
  "dependencies": {
    "@cminton/sak": {
      "version": "0.0.1",
      "resolved": "https://registry.npmjs.org/@cminton/sak/-/sak-0.0.1.tgz",
      "integrity": "sha512-nnTYZEG3x8ShZzPKp/J5XMd1Gq7JEyr1lxOm1p5YLs52nQSCUJHMkB0zuFpL2jJRnIneWWt9R+mHLM+ydLc6/Q=="
    }
  }
}
